
Microsoft Visual Studio Solution File, Format Version 12.00
# Visual Studio 14
VisualStudioVersion = 14.0.22823.1
MinimumVisualStudioVersion = 10.0.40219.1
Project("{FAE04EC0-301F-11D3-BF4B-00C04F79EFBC}") = "13-LargeSum", "13-LargeSum\13-LargeSum.csproj", "{2BBD86D4-28BC-4148-95F2-CCC4A50C4366}"
EndProject
Project("{FAE04EC0-301F-11D3-BF4B-00C04F79EFBC}") = "14-LongestCollatz", "14-LongestCollatz\14-LongestCollatz.csproj", "{A90C1D29-64A7-4FC1-9A4F-ADD340B1BCCE}"
EndProject
Project("{FAE04EC0-301F-11D3-BF4B-00C04F79EFBC}") = "16-PowerDigitSum", "16-PowerDigitSum\16-PowerDigitSum.csproj", "{A6F87DDF-B48A-4BED-A37D-A306E4A611FB}"
EndProject
Project("{FAE04EC0-301F-11D3-BF4B-00C04F79EFBC}") = "23-NonAbundantSums", "23-NonAbundantSums\23-NonAbundantSums.csproj", "{3EDA68CA-5DAE-4CD7-A313-2FFE90C8E150}"
EndProject
Project("{FAE04EC0-301F-11D3-BF4B-00C04F79EFBC}") = "22-NamesScores", "22-NamesScores\22-NamesScores.csproj", "{E9AA0DA4-2D78-4F92-9CE1-A084F8527E0B}"
EndProject
Project("{FAE04EC0-301F-11D3-BF4B-00C04F79EFBC}") = "24-LexicographicPermutations", "24-LexicographicPermutations\24-LexicographicPermutations.csproj", "{0FB189D9-19BF-4D34-AD39-FFD313849DB3}"
EndProject
Project("{FAE04EC0-301F-11D3-BF4B-00C04F79EFBC}") = "24-LexicographicPermutationsUnitTests", "24-LexicographicPermutationsUnitTests\24-LexicographicPermutationsUnitTests.csproj", "{28548A62-896E-4169-857E-BAD6385EB090}"
EndProject
Project("{FAE04EC0-301F-11D3-BF4B-00C04F79EFBC}") = "1-Multiplesof3and5", "1-Multiplesof3and5\1-Multiplesof3and5.csproj", "{319F1901-D307-421D-A91A-1BCABF6441EB}"
EndProject
Project("{FAE04EC0-301F-11D3-BF4B-00C04F79EFBC}") = "2-Even FibonacciNumbers", "2-Even FibonacciNumbers\2-Even FibonacciNumbers.csproj", "{67F383C7-549E-44C3-8891-6A65CE7149BB}"
EndProject
Global
	GlobalSection(SolutionConfigurationPlatforms) = preSolution
		Debug|Any CPU = Debug|Any CPU
		Release|Any CPU = Release|Any CPU
	EndGlobalSection
	GlobalSection(ProjectConfigurationPlatforms) = postSolution
		{2BBD86D4-28BC-4148-95F2-CCC4A50C4366}.Debug|Any CPU.ActiveCfg = Debug|Any CPU
		{2BBD86D4-28BC-4148-95F2-CCC4A50C4366}.Debug|Any CPU.Build.0 = Debug|Any CPU
		{2BBD86D4-28BC-4148-95F2-CCC4A50C4366}.Release|Any CPU.ActiveCfg = Release|Any CPU
		{2BBD86D4-28BC-4148-95F2-CCC4A50C4366}.Release|Any CPU.Build.0 = Release|Any CPU
		{A90C1D29-64A7-4FC1-9A4F-ADD340B1BCCE}.Debug|Any CPU.ActiveCfg = Debug|Any CPU
		{A90C1D29-64A7-4FC1-9A4F-ADD340B1BCCE}.Debug|Any CPU.Build.0 = Debug|Any CPU
		{A90C1D29-64A7-4FC1-9A4F-ADD340B1BCCE}.Release|Any CPU.ActiveCfg = Release|Any CPU
		{A90C1D29-64A7-4FC1-9A4F-ADD340B1BCCE}.Release|Any CPU.Build.0 = Release|Any CPU
		{A6F87DDF-B48A-4BED-A37D-A306E4A611FB}.Debug|Any CPU.ActiveCfg = Debug|Any CPU
		{A6F87DDF-B48A-4BED-A37D-A306E4A611FB}.Debug|Any CPU.Build.0 = Debug|Any CPU
		{A6F87DDF-B48A-4BED-A37D-A306E4A611FB}.Release|Any CPU.ActiveCfg = Release|Any CPU
		{A6F87DDF-B48A-4BED-A37D-A306E4A611FB}.Release|Any CPU.Build.0 = Release|Any CPU
		{3EDA68CA-5DAE-4CD7-A313-2FFE90C8E150}.Debug|Any CPU.ActiveCfg = Debug|Any CPU
		{3EDA68CA-5DAE-4CD7-A313-2FFE90C8E150}.Debug|Any CPU.Build.0 = Debug|Any CPU
		{3EDA68CA-5DAE-4CD7-A313-2FFE90C8E150}.Release|Any CPU.ActiveCfg = Release|Any CPU
		{3EDA68CA-5DAE-4CD7-A313-2FFE90C8E150}.Release|Any CPU.Build.0 = Release|Any CPU
		{E9AA0DA4-2D78-4F92-9CE1-A084F8527E0B}.Debug|Any CPU.ActiveCfg = Debug|Any CPU
		{E9AA0DA4-2D78-4F92-9CE1-A084F8527E0B}.Debug|Any CPU.Build.0 = Debug|Any CPU
		{E9AA0DA4-2D78-4F92-9CE1-A084F8527E0B}.Release|Any CPU.ActiveCfg = Release|Any CPU
		{E9AA0DA4-2D78-4F92-9CE1-A084F8527E0B}.Release|Any CPU.Build.0 = Release|Any CPU
		{0FB189D9-19BF-4D34-AD39-FFD313849DB3}.Debug|Any CPU.ActiveCfg = Debug|Any CPU
		{0FB189D9-19BF-4D34-AD39-FFD313849DB3}.Debug|Any CPU.Build.0 = Debug|Any CPU
		{0FB189D9-19BF-4D34-AD39-FFD313849DB3}.Release|Any CPU.ActiveCfg = Release|Any CPU
		{0FB189D9-19BF-4D34-AD39-FFD313849DB3}.Release|Any CPU.Build.0 = Release|Any CPU
		{28548A62-896E-4169-857E-BAD6385EB090}.Debug|Any CPU.ActiveCfg = Debug|Any CPU
		{28548A62-896E-4169-857E-BAD6385EB090}.Debug|Any CPU.Build.0 = Debug|Any CPU
		{28548A62-896E-4169-857E-BAD6385EB090}.Release|Any CPU.ActiveCfg = Release|Any CPU
		{28548A62-896E-4169-857E-BAD6385EB090}.Release|Any CPU.Build.0 = Release|Any CPU
		{319F1901-D307-421D-A91A-1BCABF6441EB}.Debug|Any CPU.ActiveCfg = Debug|Any CPU
		{319F1901-D307-421D-A91A-1BCABF6441EB}.Debug|Any CPU.Build.0 = Debug|Any CPU
		{319F1901-D307-421D-A91A-1BCABF6441EB}.Release|Any CPU.ActiveCfg = Release|Any CPU
		{319F1901-D307-421D-A91A-1BCABF6441EB}.Release|Any CPU.Build.0 = Release|Any CPU
		{67F383C7-549E-44C3-8891-6A65CE7149BB}.Debug|Any CPU.ActiveCfg = Debug|Any CPU
		{67F383C7-549E-44C3-8891-6A65CE7149BB}.Debug|Any CPU.Build.0 = Debug|Any CPU
		{67F383C7-549E-44C3-8891-6A65CE7149BB}.Release|Any CPU.ActiveCfg = Release|Any CPU
		{67F383C7-549E-44C3-8891-6A65CE7149BB}.Release|Any CPU.Build.0 = Release|Any CPU
	EndGlobalSection
	GlobalSection(SolutionProperties) = preSolution
		HideSolutionNode = FALSE
	EndGlobalSection
EndGlobal
